{
  "pins" : [
    {
      "identity" : "purchases-ios-spm",
      "kind" : "remoteSourceControl",
      "location" : "https://github.com/RevenueCat/purchases-ios-spm",
      "state" : {
        "revision" : "d157a0cf7b262da6d25ff91d9ee14f2d4d7fb776",
        "version" : "5.49.3"
      }
    }
  ],
  "version" : 2
}
