{
  "pins" : [
    {
      "identity" : "purchases-ios-spm",
      "kind" : "remoteSourceControl",
      "location" : "https://github.com/RevenueCat/purchases-ios-spm",
      "state" : {
        "revision" : "f45bccdad1c7b5f57af3fb511f67854cacd13fd7",
        "version" : "5.22.2"
      }
    }
  ],
  "version" : 2
}
