{
  "pins" : [
    {
      "identity" : "purchases-ios-spm",
      "kind" : "remoteSourceControl",
      "location" : "https://github.com/RevenueCat/purchases-ios-spm",
      "state" : {
        "revision" : "96545bf014ca3d5a2b0ffd2c8de7105ca0705a19",
        "version" : "5.22.0"
      }
    }
  ],
  "version" : 2
}
