PODS:
  - Nimble (10.0.0)
  - Quick (5.0.1)
  - RevenueCat (5.50.1)
  - RevenueCatUI (5.50.1):
    - RevenueCat (= 5.50.1)

DEPENDENCIES:
  - Nimble (= 10.0.0)
  - Quick (= 5.0.1)
  - RevenueCat (= 5.50.1)
  - RevenueCatUI (= 5.50.1)

SPEC REPOS:
  trunk:
    - Nimble
    - Quick
    - RevenueCat
    - RevenueCatUI

SPEC CHECKSUMS:
  Nimble: 5316ef81a170ce87baf72dd961f22f89a602ff84
  Quick: 749aa754fd1e7d984f2000fe051e18a3a9809179
  RevenueCat: c676920ae9b3c9cd08c49d26e7cd4c04a0263069
  RevenueCatUI: a0566e6da2a8ae917a00956e76b7aa474de62f14

PODFILE CHECKSUM: e838fb7d29dfe84a62f96b2616fdc938acb4a522

COCOAPODS: 1.16.2
